
Microsoft Visual Studio Solution File, Format Version 12.00
# Visual Studio 15
Project("{FAE04EC0-301F-11D3-BF4B-00C04F79EFBC}") = "Assembly-CSharp-firstpass", "Assembly-CSharp-firstpass.csproj", "{65D4F1A6-FC62-86EA-5E40-44F43011B777}"
EndProject
Project("{FAE04EC0-301F-11D3-BF4B-00C04F79EFBC}") = "Assembly-CSharp", "Assembly-CSharp.csproj", "{50DA9884-B1C4-44B9-4034-8133D5258C86}"
EndProject
Project("{FAE04EC0-301F-11D3-BF4B-00C04F79EFBC}") = "Assembly-CSharp-Editor", "Assembly-CSharp-Editor.csproj", "{6E999D11-8AFD-8466-547D-03786DFFC26E}"
EndProject
Project("{FAE04EC0-301F-11D3-BF4B-00C04F79EFBC}") = "PathCreator", "PathCreator.csproj", "{516853B7-0C34-5CD0-AB7A-AA94180391CF}"
EndProject
Project("{FAE04EC0-301F-11D3-BF4B-00C04F79EFBC}") = "PathCreatorEditor", "PathCreatorEditor.csproj", "{A8A456A1-B401-6611-666F-9C7A18FF8AE6}"
EndProject
Project("{FAE04EC0-301F-11D3-BF4B-00C04F79EFBC}") = "Assembly-CSharp-Editor-firstpass", "Assembly-CSharp-Editor-firstpass.csproj", "{EBBEF567-4B6C-A579-2281-BA64BF145347}"
EndProject
Global
	GlobalSection(SolutionConfigurationPlatforms) = preSolution
		Debug|Any CPU = Debug|Any CPU
		Release|Any CPU = Release|Any CPU
	EndGlobalSection
	GlobalSection(ProjectConfigurationPlatforms) = postSolution
		{65D4F1A6-FC62-86EA-5E40-44F43011B777}.Debug|Any CPU.ActiveCfg = Debug|Any CPU
		{65D4F1A6-FC62-86EA-5E40-44F43011B777}.Debug|Any CPU.Build.0 = Debug|Any CPU
		{65D4F1A6-FC62-86EA-5E40-44F43011B777}.Release|Any CPU.ActiveCfg = Release|Any CPU
		{65D4F1A6-FC62-86EA-5E40-44F43011B777}.Release|Any CPU.Build.0 = Release|Any CPU
		{50DA9884-B1C4-44B9-4034-8133D5258C86}.Debug|Any CPU.ActiveCfg = Debug|Any CPU
		{50DA9884-B1C4-44B9-4034-8133D5258C86}.Debug|Any CPU.Build.0 = Debug|Any CPU
		{50DA9884-B1C4-44B9-4034-8133D5258C86}.Release|Any CPU.ActiveCfg = Release|Any CPU
		{50DA9884-B1C4-44B9-4034-8133D5258C86}.Release|Any CPU.Build.0 = Release|Any CPU
		{6E999D11-8AFD-8466-547D-03786DFFC26E}.Debug|Any CPU.ActiveCfg = Debug|Any CPU
		{6E999D11-8AFD-8466-547D-03786DFFC26E}.Debug|Any CPU.Build.0 = Debug|Any CPU
		{6E999D11-8AFD-8466-547D-03786DFFC26E}.Release|Any CPU.ActiveCfg = Release|Any CPU
		{6E999D11-8AFD-8466-547D-03786DFFC26E}.Release|Any CPU.Build.0 = Release|Any CPU
		{516853B7-0C34-5CD0-AB7A-AA94180391CF}.Debug|Any CPU.ActiveCfg = Debug|Any CPU
		{516853B7-0C34-5CD0-AB7A-AA94180391CF}.Debug|Any CPU.Build.0 = Debug|Any CPU
		{516853B7-0C34-5CD0-AB7A-AA94180391CF}.Release|Any CPU.ActiveCfg = Release|Any CPU
		{516853B7-0C34-5CD0-AB7A-AA94180391CF}.Release|Any CPU.Build.0 = Release|Any CPU
		{A8A456A1-B401-6611-666F-9C7A18FF8AE6}.Debug|Any CPU.ActiveCfg = Debug|Any CPU
		{A8A456A1-B401-6611-666F-9C7A18FF8AE6}.Debug|Any CPU.Build.0 = Debug|Any CPU
		{A8A456A1-B401-6611-666F-9C7A18FF8AE6}.Release|Any CPU.ActiveCfg = Release|Any CPU
		{A8A456A1-B401-6611-666F-9C7A18FF8AE6}.Release|Any CPU.Build.0 = Release|Any CPU
		{EBBEF567-4B6C-A579-2281-BA64BF145347}.Debug|Any CPU.ActiveCfg = Debug|Any CPU
		{EBBEF567-4B6C-A579-2281-BA64BF145347}.Debug|Any CPU.Build.0 = Debug|Any CPU
		{EBBEF567-4B6C-A579-2281-BA64BF145347}.Release|Any CPU.ActiveCfg = Release|Any CPU
		{EBBEF567-4B6C-A579-2281-BA64BF145347}.Release|Any CPU.Build.0 = Release|Any CPU
	EndGlobalSection
	GlobalSection(SolutionProperties) = preSolution
		HideSolutionNode = FALSE
	EndGlobalSection
EndGlobal
